
Microsoft Visual Studio Solution File, Format Version 12.00
# Visual Studio Version 17
VisualStudioVersion = 17.14.36414.22 d17.14
MinimumVisualStudioVersion = 10.0.40219.1
Project("{FAE04EC0-301F-11D3-BF4B-00C04F79EFBC}") = "FileArchiveDemo", "FileArchiveDemo\FileArchiveDemo.csproj", "{BB327D76-B034-422E-B68C-C95751ED3A64}"
EndProject
Global
	GlobalSection(SolutionConfigurationPlatforms) = preSolution
		Debug|Any CPU = Debug|Any CPU
		Release|Any CPU = Release|Any CPU
	EndGlobalSection
	GlobalSection(ProjectConfigurationPlatforms) = postSolution
		{BB327D76-B034-422E-B68C-C95751ED3A64}.Debug|Any CPU.ActiveCfg = Debug|Any CPU
		{BB327D76-B034-422E-B68C-C95751ED3A64}.Debug|Any CPU.Build.0 = Debug|Any CPU
		{BB327D76-B034-422E-B68C-C95751ED3A64}.Release|Any CPU.ActiveCfg = Release|Any CPU
		{BB327D76-B034-422E-B68C-C95751ED3A64}.Release|Any CPU.Build.0 = Release|Any CPU
	EndGlobalSection
	GlobalSection(SolutionProperties) = preSolution
		HideSolutionNode = FALSE
	EndGlobalSection
	GlobalSection(ExtensibilityGlobals) = postSolution
		SolutionGuid = {816A1F5A-6128-413F-AE74-6A3790BE71DC}
	EndGlobalSection
EndGlobal
