Microsoft Visual Studio Solution File, Format Version 12.00
# Visual Studio Version 17
VisualStudioVersion = 17.5.2.0
MinimumVisualStudioVersion = 10.0.40219.1
Project("{FAE04EC0-301F-11D3-BF4B-00C04F79EFBC}") = "FileArchiveDemo", "FileArchiveDemo.csproj", "{DE4D70CD-C8A6-F697-58E6-7844E3627FF6}"
EndProject
Global
	GlobalSection(SolutionConfigurationPlatforms) = preSolution
		Debug|Any CPU = Debug|Any CPU
		Release|Any CPU = Release|Any CPU
	EndGlobalSection
	GlobalSection(ProjectConfigurationPlatforms) = postSolution
		{DE4D70CD-C8A6-F697-58E6-7844E3627FF6}.Debug|Any CPU.ActiveCfg = Debug|Any CPU
		{DE4D70CD-C8A6-F697-58E6-7844E3627FF6}.Debug|Any CPU.Build.0 = Debug|Any CPU
		{DE4D70CD-C8A6-F697-58E6-7844E3627FF6}.Release|Any CPU.ActiveCfg = Release|Any CPU
		{DE4D70CD-C8A6-F697-58E6-7844E3627FF6}.Release|Any CPU.Build.0 = Release|Any CPU
	EndGlobalSection
	GlobalSection(SolutionProperties) = preSolution
		HideSolutionNode = FALSE
	EndGlobalSection
	GlobalSection(ExtensibilityGlobals) = postSolution
		SolutionGuid = {1ED12D52-3479-4BEE-AC72-FBC53C5FA1D1}
	EndGlobalSection
EndGlobal
